
Microsoft Visual Studio Solution File, Format Version 12.00
# Visual Studio Version 17
VisualStudioVersion = 17.5.33516.290
MinimumVisualStudioVersion = 10.0.40219.1
Project("{FAE04EC0-301F-11D3-BF4B-00C04F79EFBC}") = "cs29_filehandling", "cs29_filehandling\cs29_filehandling.csproj", "{0F759AC0-7D76-4D37-9924-DC0211415876}"
EndProject
Project("{FAE04EC0-301F-11D3-BF4B-00C04F79EFBC}") = "cs30_filereadwrite", "cs30_filereadwrite\cs30_filereadwrite.csproj", "{791A0429-F43F-48EA-BB77-9F463AAA458B}"
EndProject
Project("{FAE04EC0-301F-11D3-BF4B-00C04F79EFBC}") = "wf12_notepad", "wf12_notepad\wf12_notepad.csproj", "{EE8D1BD1-A3BD-4A06-B94F-21B275F62F47}"
EndProject
Project("{FAE04EC0-301F-11D3-BF4B-00C04F79EFBC}") = "wf13_bookrentalshop", "wf13_bookrentalshop\wf13_bookrentalshop.csproj", "{2F3D8F15-548D-49AB-BB5F-EA132E1D9EFB}"
EndProject
Global
	GlobalSection(SolutionConfigurationPlatforms) = preSolution
		Debug|Any CPU = Debug|Any CPU
		Release|Any CPU = Release|Any CPU
	EndGlobalSection
	GlobalSection(ProjectConfigurationPlatforms) = postSolution
		{0F759AC0-7D76-4D37-9924-DC0211415876}.Debug|Any CPU.ActiveCfg = Debug|Any CPU
		{0F759AC0-7D76-4D37-9924-DC0211415876}.Debug|Any CPU.Build.0 = Debug|Any CPU
		{0F759AC0-7D76-4D37-9924-DC0211415876}.Release|Any CPU.ActiveCfg = Release|Any CPU
		{0F759AC0-7D76-4D37-9924-DC0211415876}.Release|Any CPU.Build.0 = Release|Any CPU
		{791A0429-F43F-48EA-BB77-9F463AAA458B}.Debug|Any CPU.ActiveCfg = Debug|Any CPU
		{791A0429-F43F-48EA-BB77-9F463AAA458B}.Debug|Any CPU.Build.0 = Debug|Any CPU
		{791A0429-F43F-48EA-BB77-9F463AAA458B}.Release|Any CPU.ActiveCfg = Release|Any CPU
		{791A0429-F43F-48EA-BB77-9F463AAA458B}.Release|Any CPU.Build.0 = Release|Any CPU
		{EE8D1BD1-A3BD-4A06-B94F-21B275F62F47}.Debug|Any CPU.ActiveCfg = Debug|Any CPU
		{EE8D1BD1-A3BD-4A06-B94F-21B275F62F47}.Debug|Any CPU.Build.0 = Debug|Any CPU
		{EE8D1BD1-A3BD-4A06-B94F-21B275F62F47}.Release|Any CPU.ActiveCfg = Release|Any CPU
		{EE8D1BD1-A3BD-4A06-B94F-21B275F62F47}.Release|Any CPU.Build.0 = Release|Any CPU
		{2F3D8F15-548D-49AB-BB5F-EA132E1D9EFB}.Debug|Any CPU.ActiveCfg = Debug|Any CPU
		{2F3D8F15-548D-49AB-BB5F-EA132E1D9EFB}.Debug|Any CPU.Build.0 = Debug|Any CPU
		{2F3D8F15-548D-49AB-BB5F-EA132E1D9EFB}.Release|Any CPU.ActiveCfg = Release|Any CPU
		{2F3D8F15-548D-49AB-BB5F-EA132E1D9EFB}.Release|Any CPU.Build.0 = Release|Any CPU
	EndGlobalSection
	GlobalSection(SolutionProperties) = preSolution
		HideSolutionNode = FALSE
	EndGlobalSection
	GlobalSection(ExtensibilityGlobals) = postSolution
		SolutionGuid = {DE30162C-D962-47DE-BBA9-D975C47A53FA}
	EndGlobalSection
EndGlobal
