
Microsoft Visual Studio Solution File, Format Version 12.00
# Visual Studio Version 17
VisualStudioVersion = 17.5.33516.290
MinimumVisualStudioVersion = 10.0.40219.1
Project("{FAE04EC0-301F-11D3-BF4B-00C04F79EFBC}") = "cs10_operator", "cs10_operator\cs10_operator.csproj", "{B95C32EA-735D-44D0-8E9D-9FBB24CA6273}"
EndProject
Project("{FAE04EC0-301F-11D3-BF4B-00C04F79EFBC}") = "cs11_logiccondition", "cs11_logiccondition\cs11_logiccondition.csproj", "{2C876285-F131-4FE6-84E4-028C8C9E1EAC}"
EndProject
Project("{FAE04EC0-301F-11D3-BF4B-00C04F79EFBC}") = "cs12_methods", "cs12_methods\cs12_methods.csproj", "{839E6F95-806F-4E12-ACAD-5B9F5A86EA03}"
EndProject
Global
	GlobalSection(SolutionConfigurationPlatforms) = preSolution
		Debug|Any CPU = Debug|Any CPU
		Release|Any CPU = Release|Any CPU
	EndGlobalSection
	GlobalSection(ProjectConfigurationPlatforms) = postSolution
		{B95C32EA-735D-44D0-8E9D-9FBB24CA6273}.Debug|Any CPU.ActiveCfg = Debug|Any CPU
		{B95C32EA-735D-44D0-8E9D-9FBB24CA6273}.Debug|Any CPU.Build.0 = Debug|Any CPU
		{B95C32EA-735D-44D0-8E9D-9FBB24CA6273}.Release|Any CPU.ActiveCfg = Release|Any CPU
		{B95C32EA-735D-44D0-8E9D-9FBB24CA6273}.Release|Any CPU.Build.0 = Release|Any CPU
		{2C876285-F131-4FE6-84E4-028C8C9E1EAC}.Debug|Any CPU.ActiveCfg = Debug|Any CPU
		{2C876285-F131-4FE6-84E4-028C8C9E1EAC}.Debug|Any CPU.Build.0 = Debug|Any CPU
		{2C876285-F131-4FE6-84E4-028C8C9E1EAC}.Release|Any CPU.ActiveCfg = Release|Any CPU
		{2C876285-F131-4FE6-84E4-028C8C9E1EAC}.Release|Any CPU.Build.0 = Release|Any CPU
		{839E6F95-806F-4E12-ACAD-5B9F5A86EA03}.Debug|Any CPU.ActiveCfg = Debug|Any CPU
		{839E6F95-806F-4E12-ACAD-5B9F5A86EA03}.Debug|Any CPU.Build.0 = Debug|Any CPU
		{839E6F95-806F-4E12-ACAD-5B9F5A86EA03}.Release|Any CPU.ActiveCfg = Release|Any CPU
		{839E6F95-806F-4E12-ACAD-5B9F5A86EA03}.Release|Any CPU.Build.0 = Release|Any CPU
	EndGlobalSection
	GlobalSection(SolutionProperties) = preSolution
		HideSolutionNode = FALSE
	EndGlobalSection
	GlobalSection(ExtensibilityGlobals) = postSolution
		SolutionGuid = {F4DD0139-C25A-4F2F-8543-B0705C0A3FAC}
	EndGlobalSection
EndGlobal
