
Microsoft Visual Studio Solution File, Format Version 12.00
# Visual Studio Version 17
VisualStudioVersion = 17.5.33516.290
MinimumVisualStudioVersion = 10.0.40219.1
Project("{FAE04EC0-301F-11D3-BF4B-00C04F79EFBC}") = "cs17_inheritance", "cs17_inheritance\cs17_inheritance.csproj", "{607DF031-5511-4370-87FE-43B5717086AD}"
EndProject
Project("{FAE04EC0-301F-11D3-BF4B-00C04F79EFBC}") = "cs18_override", "cs18_override\cs18_override.csproj", "{48D6CEB4-0D66-4CCF-87C6-6B83DA76E769}"
EndProject
Project("{FAE04EC0-301F-11D3-BF4B-00C04F79EFBC}") = "cs19_interface", "cs19_interface\cs19_interface.csproj", "{4E7D0930-6A8B-4AAB-81B8-3717FC8E911E}"
EndProject
Global
	GlobalSection(SolutionConfigurationPlatforms) = preSolution
		Debug|Any CPU = Debug|Any CPU
		Release|Any CPU = Release|Any CPU
	EndGlobalSection
	GlobalSection(ProjectConfigurationPlatforms) = postSolution
		{607DF031-5511-4370-87FE-43B5717086AD}.Debug|Any CPU.ActiveCfg = Debug|Any CPU
		{607DF031-5511-4370-87FE-43B5717086AD}.Debug|Any CPU.Build.0 = Debug|Any CPU
		{607DF031-5511-4370-87FE-43B5717086AD}.Release|Any CPU.ActiveCfg = Release|Any CPU
		{607DF031-5511-4370-87FE-43B5717086AD}.Release|Any CPU.Build.0 = Release|Any CPU
		{48D6CEB4-0D66-4CCF-87C6-6B83DA76E769}.Debug|Any CPU.ActiveCfg = Debug|Any CPU
		{48D6CEB4-0D66-4CCF-87C6-6B83DA76E769}.Debug|Any CPU.Build.0 = Debug|Any CPU
		{48D6CEB4-0D66-4CCF-87C6-6B83DA76E769}.Release|Any CPU.ActiveCfg = Release|Any CPU
		{48D6CEB4-0D66-4CCF-87C6-6B83DA76E769}.Release|Any CPU.Build.0 = Release|Any CPU
		{4E7D0930-6A8B-4AAB-81B8-3717FC8E911E}.Debug|Any CPU.ActiveCfg = Debug|Any CPU
		{4E7D0930-6A8B-4AAB-81B8-3717FC8E911E}.Debug|Any CPU.Build.0 = Debug|Any CPU
		{4E7D0930-6A8B-4AAB-81B8-3717FC8E911E}.Release|Any CPU.ActiveCfg = Release|Any CPU
		{4E7D0930-6A8B-4AAB-81B8-3717FC8E911E}.Release|Any CPU.Build.0 = Release|Any CPU
	EndGlobalSection
	GlobalSection(SolutionProperties) = preSolution
		HideSolutionNode = FALSE
	EndGlobalSection
	GlobalSection(ExtensibilityGlobals) = postSolution
		SolutionGuid = {3638DCEA-0547-41CA-9EEC-50C7556EE491}
	EndGlobalSection
EndGlobal
